# This file is automatically @generated by Cargo.
# It is not intended for manual editing.
version = 4

[[package]]
name = "abyss"
version = "0.1.0"
dependencies = [
 "abyss_analyzer",
 "abyss_codegen",
 "abyss_diagnostics",
 "abyss_ir",
 "abyss_lexer",
 "abyss_parser",
 "abyss_types",
 "abyss_utils",
 "abyss_vm",
]

[[package]]
name = "abyss_analyzer"
version = "0.1.0"
dependencies = [
 "abyss_diagnostics",
 "abyss_ir",
 "abyss_parser",
 "abyss_types",
 "abyss_utils",
 "abyss_vm",
]

[[package]]
name = "abyss_codegen"
version = "0.1.0"
dependencies = [
 "abyss_analyzer",
 "abyss_lexer",
 "abyss_parser",
]

[[package]]
name = "abyss_diagnostics"
version = "0.1.0"

[[package]]
name = "abyss_ir"
version = "0.1.0"
dependencies = [
 "abyss_diagnostics",
 "abyss_parser",
 "abyss_types",
]

[[package]]
name = "abyss_lexer"
version = "0.1.0"
dependencies = [
 "abyss_diagnostics",
]

[[package]]
name = "abyss_parser"
version = "0.1.0"
dependencies = [
 "abyss_diagnostics",
 "abyss_lexer",
 "abyss_utils",
]

[[package]]
name = "abyss_types"
version = "0.1.0"
dependencies = [
 "abyss_diagnostics",
 "abyss_parser",
]

[[package]]
name = "abyss_utils"
version = "0.1.0"

[[package]]
name = "abyss_vm"
version = "0.1.0"
dependencies = [
 "abyss_ir",
]
